
Microsoft Visual Studio Solution File, Format Version 12.00
# Visual Studio 2012
Project("{FAE04EC0-301F-11D3-BF4B-00C04F79EFBC}") = "XFCoffee", "XFCoffee\XFCoffee.csproj", "{CE1DE06D-49D2-43B6-83D4-EA08C47F2D09}"
EndProject
Project("{FAE04EC0-301F-11D3-BF4B-00C04F79EFBC}") = "XFCoffee.iOS", "XFCoffee.iOS\XFCoffee.iOS.csproj", "{8BC9C91D-FDED-4431-AD2C-B4936CA5FE6C}"
EndProject
Project("{FAE04EC0-301F-11D3-BF4B-00C04F79EFBC}") = "XFCoffee.Droid", "XFCoffee.Droid\XFCoffee.Droid.csproj", "{B439EF4F-C733-43CC-AF35-8668C2D0DA1A}"
EndProject
Global
	GlobalSection(SolutionConfigurationPlatforms) = preSolution
		Debug|Any CPU = Debug|Any CPU
		Release|Any CPU = Release|Any CPU
		Debug|iPhoneSimulator = Debug|iPhoneSimulator
		Release|iPhone = Release|iPhone
		Release|iPhoneSimulator = Release|iPhoneSimulator
		Debug|iPhone = Debug|iPhone
	EndGlobalSection
	GlobalSection(ProjectConfigurationPlatforms) = postSolution
		{CE1DE06D-49D2-43B6-83D4-EA08C47F2D09}.Debug|Any CPU.ActiveCfg = Debug|Any CPU
		{CE1DE06D-49D2-43B6-83D4-EA08C47F2D09}.Debug|Any CPU.Build.0 = Debug|Any CPU
		{CE1DE06D-49D2-43B6-83D4-EA08C47F2D09}.Release|Any CPU.ActiveCfg = Release|Any CPU
		{CE1DE06D-49D2-43B6-83D4-EA08C47F2D09}.Release|Any CPU.Build.0 = Release|Any CPU
		{CE1DE06D-49D2-43B6-83D4-EA08C47F2D09}.Debug|iPhoneSimulator.ActiveCfg = Debug|Any CPU
		{CE1DE06D-49D2-43B6-83D4-EA08C47F2D09}.Debug|iPhoneSimulator.Build.0 = Debug|Any CPU
		{CE1DE06D-49D2-43B6-83D4-EA08C47F2D09}.Release|iPhone.ActiveCfg = Release|Any CPU
		{CE1DE06D-49D2-43B6-83D4-EA08C47F2D09}.Release|iPhone.Build.0 = Release|Any CPU
		{CE1DE06D-49D2-43B6-83D4-EA08C47F2D09}.Release|iPhoneSimulator.ActiveCfg = Release|Any CPU
		{CE1DE06D-49D2-43B6-83D4-EA08C47F2D09}.Release|iPhoneSimulator.Build.0 = Release|Any CPU
		{CE1DE06D-49D2-43B6-83D4-EA08C47F2D09}.Debug|iPhone.ActiveCfg = Debug|Any CPU
		{CE1DE06D-49D2-43B6-83D4-EA08C47F2D09}.Debug|iPhone.Build.0 = Debug|Any CPU
		{8BC9C91D-FDED-4431-AD2C-B4936CA5FE6C}.Debug|Any CPU.ActiveCfg = Debug|iPhoneSimulator
		{8BC9C91D-FDED-4431-AD2C-B4936CA5FE6C}.Debug|Any CPU.Build.0 = Debug|iPhoneSimulator
		{8BC9C91D-FDED-4431-AD2C-B4936CA5FE6C}.Release|Any CPU.ActiveCfg = Release|iPhone
		{8BC9C91D-FDED-4431-AD2C-B4936CA5FE6C}.Release|Any CPU.Build.0 = Release|iPhone
		{8BC9C91D-FDED-4431-AD2C-B4936CA5FE6C}.Debug|iPhoneSimulator.ActiveCfg = Debug|iPhoneSimulator
		{8BC9C91D-FDED-4431-AD2C-B4936CA5FE6C}.Debug|iPhoneSimulator.Build.0 = Debug|iPhoneSimulator
		{8BC9C91D-FDED-4431-AD2C-B4936CA5FE6C}.Release|iPhone.ActiveCfg = Release|iPhone
		{8BC9C91D-FDED-4431-AD2C-B4936CA5FE6C}.Release|iPhone.Build.0 = Release|iPhone
		{8BC9C91D-FDED-4431-AD2C-B4936CA5FE6C}.Release|iPhoneSimulator.ActiveCfg = Release|iPhoneSimulator
		{8BC9C91D-FDED-4431-AD2C-B4936CA5FE6C}.Release|iPhoneSimulator.Build.0 = Release|iPhoneSimulator
		{8BC9C91D-FDED-4431-AD2C-B4936CA5FE6C}.Debug|iPhone.ActiveCfg = Debug|iPhone
		{8BC9C91D-FDED-4431-AD2C-B4936CA5FE6C}.Debug|iPhone.Build.0 = Debug|iPhone
		{B439EF4F-C733-43CC-AF35-8668C2D0DA1A}.Debug|Any CPU.ActiveCfg = Debug|Any CPU
		{B439EF4F-C733-43CC-AF35-8668C2D0DA1A}.Debug|Any CPU.Build.0 = Debug|Any CPU
		{B439EF4F-C733-43CC-AF35-8668C2D0DA1A}.Release|Any CPU.ActiveCfg = Release|Any CPU
		{B439EF4F-C733-43CC-AF35-8668C2D0DA1A}.Release|Any CPU.Build.0 = Release|Any CPU
		{B439EF4F-C733-43CC-AF35-8668C2D0DA1A}.Debug|iPhoneSimulator.ActiveCfg = Debug|Any CPU
		{B439EF4F-C733-43CC-AF35-8668C2D0DA1A}.Debug|iPhoneSimulator.Build.0 = Debug|Any CPU
		{B439EF4F-C733-43CC-AF35-8668C2D0DA1A}.Release|iPhone.ActiveCfg = Release|Any CPU
		{B439EF4F-C733-43CC-AF35-8668C2D0DA1A}.Release|iPhone.Build.0 = Release|Any CPU
		{B439EF4F-C733-43CC-AF35-8668C2D0DA1A}.Release|iPhoneSimulator.ActiveCfg = Release|Any CPU
		{B439EF4F-C733-43CC-AF35-8668C2D0DA1A}.Release|iPhoneSimulator.Build.0 = Release|Any CPU
		{B439EF4F-C733-43CC-AF35-8668C2D0DA1A}.Debug|iPhone.ActiveCfg = Debug|Any CPU
		{B439EF4F-C733-43CC-AF35-8668C2D0DA1A}.Debug|iPhone.Build.0 = Debug|Any CPU
	EndGlobalSection
EndGlobal
